// !$*UTF8*$!
{
	archiveVersion = 1;
	classes = {
	};
	objectVersion = 56;
	objects = {

/* Begin PBXBuildFile section */
		DB1932B22B85B0D8005E74E8 /* All_Pets_CommonsApp.swift in Sources */ = {isa = PBXBuildFile; fileRef = DB1932B12B85B0D8005E74E8 /* All_Pets_CommonsApp.swift */; };
		DB1932B42B85B0D8005E74E8 /* ContentView.swift in Sources */ = {isa = PBXBuildFile; fileRef = DB1932B32B85B0D8005E74E8 /* ContentView.swift */; };
		DB1932B62B85B0D9005E74E8 /* Assets.xcassets in Resources */ = {isa = PBXBuildFile; fileRef = DB1932B52B85B0D9005E74E8 /* Assets.xcassets */; };
		DB1932B92B85B0D9005E74E8 /* Preview Assets.xcassets in Resources */ = {isa = PBXBuildFile; fileRef = DB1932B82B85B0D9005E74E8 /* Preview Assets.xcassets */; };
		DB1932CC2B85B180005E74E8 /* AllPetsCommons in Resources */ = {isa = PBXBuildFile; fileRef = DB1932CB2B85B180005E74E8 /* AllPetsCommons */; };
		DB4399492B86B175009B8004 /* GenAligmentViewExample.swift in Sources */ = {isa = PBXBuildFile; fileRef = DB4399482B86B175009B8004 /* GenAligmentViewExample.swift */; };
		DB43994B2B86B257009B8004 /* GenProfileImageExample.swift in Sources */ = {isa = PBXBuildFile; fileRef = DB43994A2B86B257009B8004 /* GenProfileImageExample.swift */; };
		DB43994D2B86B62D009B8004 /* GenImageSizeExample.swift in Sources */ = {isa = PBXBuildFile; fileRef = DB43994C2B86B62D009B8004 /* GenImageSizeExample.swift */; };
		DB43994F2B86B8CE009B8004 /* GenNavigationBarModifierExample.swift in Sources */ = {isa = PBXBuildFile; fileRef = DB43994E2B86B8CE009B8004 /* GenNavigationBarModifierExample.swift */; };
		DB4399512B86BD0C009B8004 /* GenCornerRadiusStyleExample.swift in Sources */ = {isa = PBXBuildFile; fileRef = DB4399502B86BD0C009B8004 /* GenCornerRadiusStyleExample.swift */; };
		DB4399532B86C196009B8004 /* GenTextStylePrincipalExample.swift in Sources */ = {isa = PBXBuildFile; fileRef = DB4399522B86C196009B8004 /* GenTextStylePrincipalExample.swift */; };
		DB4399552B86C562009B8004 /* GenTextProfileBackgroundExample.swift in Sources */ = {isa = PBXBuildFile; fileRef = DB4399542B86C562009B8004 /* GenTextProfileBackgroundExample.swift */; };
		DB4399572B86C726009B8004 /* GenTextStyleSubtitleExample.swift in Sources */ = {isa = PBXBuildFile; fileRef = DB4399562B86C726009B8004 /* GenTextStyleSubtitleExample.swift */; };
		DB4399592B86C87C009B8004 /* GenButtonPrincipalExample.swift in Sources */ = {isa = PBXBuildFile; fileRef = DB4399582B86C87C009B8004 /* GenButtonPrincipalExample.swift */; };
		DB43995B2B86CA67009B8004 /* GenButtonSecundaryExample.swift in Sources */ = {isa = PBXBuildFile; fileRef = DB43995A2B86CA67009B8004 /* GenButtonSecundaryExample.swift */; };
		DBC3F7582B8661FC00A4AE10 /* AllPetsCommons in Frameworks */ = {isa = PBXBuildFile; productRef = DBC3F7572B8661FC00A4AE10 /* AllPetsCommons */; };
/* End PBXBuildFile section */

/* Begin PBXFileReference section */
		DB1932AE2B85B0D8005E74E8 /* All_Pets_Commons.app */ = {isa = PBXFileReference; explicitFileType = wrapper.application; includeInIndex = 0; path = All_Pets_Commons.app; sourceTree = BUILT_PRODUCTS_DIR; };
		DB1932B12B85B0D8005E74E8 /* All_Pets_CommonsApp.swift */ = {isa = PBXFileReference; lastKnownFileType = sourcecode.swift; path = All_Pets_CommonsApp.swift; sourceTree = "<group>"; };
		DB1932B32B85B0D8005E74E8 /* ContentView.swift */ = {isa = PBXFileReference; lastKnownFileType = sourcecode.swift; path = ContentView.swift; sourceTree = "<group>"; };
		DB1932B52B85B0D9005E74E8 /* Assets.xcassets */ = {isa = PBXFileReference; lastKnownFileType = folder.assetcatalog; path = Assets.xcassets; sourceTree = "<group>"; };
		DB1932B82B85B0D9005E74E8 /* Preview Assets.xcassets */ = {isa = PBXFileReference; lastKnownFileType = folder.assetcatalog; path = "Preview Assets.xcassets"; sourceTree = "<group>"; };
		DB1932CB2B85B180005E74E8 /* AllPetsCommons */ = {isa = PBXFileReference; lastKnownFileType = wrapper; name = AllPetsCommons; path = ../../AllPetsCommons; sourceTree = "<group>"; };
		DB4399482B86B175009B8004 /* GenAligmentViewExample.swift */ = {isa = PBXFileReference; lastKnownFileType = sourcecode.swift; path = GenAligmentViewExample.swift; sourceTree = "<group>"; };
		DB43994A2B86B257009B8004 /* GenProfileImageExample.swift */ = {isa = PBXFileReference; lastKnownFileType = sourcecode.swift; path = GenProfileImageExample.swift; sourceTree = "<group>"; };
		DB43994C2B86B62D009B8004 /* GenImageSizeExample.swift */ = {isa = PBXFileReference; lastKnownFileType = sourcecode.swift; path = GenImageSizeExample.swift; sourceTree = "<group>"; };
		DB43994E2B86B8CE009B8004 /* GenNavigationBarModifierExample.swift */ = {isa = PBXFileReference; lastKnownFileType = sourcecode.swift; path = GenNavigationBarModifierExample.swift; sourceTree = "<group>"; };
		DB4399502B86BD0C009B8004 /* GenCornerRadiusStyleExample.swift */ = {isa = PBXFileReference; lastKnownFileType = sourcecode.swift; path = GenCornerRadiusStyleExample.swift; sourceTree = "<group>"; };
		DB4399522B86C196009B8004 /* GenTextStylePrincipalExample.swift */ = {isa = PBXFileReference; lastKnownFileType = sourcecode.swift; path = GenTextStylePrincipalExample.swift; sourceTree = "<group>"; };
		DB4399542B86C562009B8004 /* GenTextProfileBackgroundExample.swift */ = {isa = PBXFileReference; lastKnownFileType = sourcecode.swift; path = GenTextProfileBackgroundExample.swift; sourceTree = "<group>"; };
		DB4399562B86C726009B8004 /* GenTextStyleSubtitleExample.swift */ = {isa = PBXFileReference; lastKnownFileType = sourcecode.swift; path = GenTextStyleSubtitleExample.swift; sourceTree = "<group>"; };
		DB4399582B86C87C009B8004 /* GenButtonPrincipalExample.swift */ = {isa = PBXFileReference; lastKnownFileType = sourcecode.swift; path = GenButtonPrincipalExample.swift; sourceTree = "<group>"; };
		DB43995A2B86CA67009B8004 /* GenButtonSecundaryExample.swift */ = {isa = PBXFileReference; lastKnownFileType = sourcecode.swift; path = GenButtonSecundaryExample.swift; sourceTree = "<group>"; };
/* End PBXFileReference section */

/* Begin PBXFrameworksBuildPhase section */
		DB1932AB2B85B0D8005E74E8 /* Frameworks */ = {
			isa = PBXFrameworksBuildPhase;
			buildActionMask = 2147483647;
			files = (
				DBC3F7582B8661FC00A4AE10 /* AllPetsCommons in Frameworks */,
			);
			runOnlyForDeploymentPostprocessing = 0;
		};
/* End PBXFrameworksBuildPhase section */

/* Begin PBXGroup section */
		DB1932A52B85B0D8005E74E8 = {
			isa = PBXGroup;
			children = (
				DB1932B02B85B0D8005E74E8 /* All_Pets_Commons */,
				DB1932AF2B85B0D8005E74E8 /* Products */,
				DBC3F7562B8661FC00A4AE10 /* Frameworks */,
			);
			sourceTree = "<group>";
		};
		DB1932AF2B85B0D8005E74E8 /* Products */ = {
			isa = PBXGroup;
			children = (
				DB1932AE2B85B0D8005E74E8 /* All_Pets_Commons.app */,
			);
			name = Products;
			sourceTree = "<group>";
		};
		DB1932B02B85B0D8005E74E8 /* All_Pets_Commons */ = {
			isa = PBXGroup;
			children = (
				DB1932CB2B85B180005E74E8 /* AllPetsCommons */,
				DB1932B12B85B0D8005E74E8 /* All_Pets_CommonsApp.swift */,
				DB1932B32B85B0D8005E74E8 /* ContentView.swift */,
				DB4399472B86B166009B8004 /* Examples */,
				DB1932B52B85B0D9005E74E8 /* Assets.xcassets */,
				DB1932B72B85B0D9005E74E8 /* Preview Content */,
			);
			path = All_Pets_Commons;
			sourceTree = "<group>";
		};
		DB1932B72B85B0D9005E74E8 /* Preview Content */ = {
			isa = PBXGroup;
			children = (
				DB1932B82B85B0D9005E74E8 /* Preview Assets.xcassets */,
			);
			path = "Preview Content";
			sourceTree = "<group>";
		};
		DB4399472B86B166009B8004 /* Examples */ = {
			isa = PBXGroup;
			children = (
				DB4399482B86B175009B8004 /* GenAligmentViewExample.swift */,
				DB43994A2B86B257009B8004 /* GenProfileImageExample.swift */,
				DB43994C2B86B62D009B8004 /* GenImageSizeExample.swift */,
				DB43994E2B86B8CE009B8004 /* GenNavigationBarModifierExample.swift */,
				DB4399502B86BD0C009B8004 /* GenCornerRadiusStyleExample.swift */,
				DB4399522B86C196009B8004 /* GenTextStylePrincipalExample.swift */,
				DB4399542B86C562009B8004 /* GenTextProfileBackgroundExample.swift */,
				DB4399562B86C726009B8004 /* GenTextStyleSubtitleExample.swift */,
				DB4399582B86C87C009B8004 /* GenButtonPrincipalExample.swift */,
				DB43995A2B86CA67009B8004 /* GenButtonSecundaryExample.swift */,
			);
			path = Examples;
			sourceTree = "<group>";
		};
		DBC3F7562B8661FC00A4AE10 /* Frameworks */ = {
			isa = PBXGroup;
			children = (
			);
			name = Frameworks;
			sourceTree = "<group>";
		};
/* End PBXGroup section */

/* Begin PBXNativeTarget section */
		DB1932AD2B85B0D8005E74E8 /* All_Pets_Commons */ = {
			isa = PBXNativeTarget;
			buildConfigurationList = DB1932BC2B85B0D9005E74E8 /* Build configuration list for PBXNativeTarget "All_Pets_Commons" */;
			buildPhases = (
				DB1932AA2B85B0D8005E74E8 /* Sources */,
				DB1932AB2B85B0D8005E74E8 /* Frameworks */,
				DB1932AC2B85B0D8005E74E8 /* Resources */,
			);
			buildRules = (
			);
			dependencies = (
			);
			name = All_Pets_Commons;
			packageProductDependencies = (
				DBC3F7572B8661FC00A4AE10 /* AllPetsCommons */,
			);
			productName = All_Pets_Commons;
			productReference = DB1932AE2B85B0D8005E74E8 /* All_Pets_Commons.app */;
			productType = "com.apple.product-type.application";
		};
/* End PBXNativeTarget section */

/* Begin PBXProject section */
		DB1932A62B85B0D8005E74E8 /* Project object */ = {
			isa = PBXProject;
			attributes = {
				BuildIndependentTargetsInParallel = 1;
				LastSwiftUpdateCheck = 1520;
				LastUpgradeCheck = 1520;
				TargetAttributes = {
					DB1932AD2B85B0D8005E74E8 = {
						CreatedOnToolsVersion = 15.2;
					};
				};
			};
			buildConfigurationList = DB1932A92B85B0D8005E74E8 /* Build configuration list for PBXProject "All_Pets_Commons" */;
			compatibilityVersion = "Xcode 14.0";
			developmentRegion = en;
			hasScannedForEncodings = 0;
			knownRegions = (
				en,
				Base,
			);
			mainGroup = DB1932A52B85B0D8005E74E8;
			productRefGroup = DB1932AF2B85B0D8005E74E8 /* Products */;
			projectDirPath = "";
			projectRoot = "";
			targets = (
				DB1932AD2B85B0D8005E74E8 /* All_Pets_Commons */,
			);
		};
/* End PBXProject section */

/* Begin PBXResourcesBuildPhase section */
		DB1932AC2B85B0D8005E74E8 /* Resources */ = {
			isa = PBXResourcesBuildPhase;
			buildActionMask = 2147483647;
			files = (
				DB1932B92B85B0D9005E74E8 /* Preview Assets.xcassets in Resources */,
				DB1932B62B85B0D9005E74E8 /* Assets.xcassets in Resources */,
				DB1932CC2B85B180005E74E8 /* AllPetsCommons in Resources */,
			);
			runOnlyForDeploymentPostprocessing = 0;
		};
/* End PBXResourcesBuildPhase section */

/* Begin PBXSourcesBuildPhase section */
		DB1932AA2B85B0D8005E74E8 /* Sources */ = {
			isa = PBXSourcesBuildPhase;
			buildActionMask = 2147483647;
			files = (
				DB4399592B86C87C009B8004 /* GenButtonPrincipalExample.swift in Sources */,
				DB4399512B86BD0C009B8004 /* GenCornerRadiusStyleExample.swift in Sources */,
				DB4399552B86C562009B8004 /* GenTextProfileBackgroundExample.swift in Sources */,
				DB4399572B86C726009B8004 /* GenTextStyleSubtitleExample.swift in Sources */,
				DB43994F2B86B8CE009B8004 /* GenNavigationBarModifierExample.swift in Sources */,
				DB1932B42B85B0D8005E74E8 /* ContentView.swift in Sources */,
				DB43994D2B86B62D009B8004 /* GenImageSizeExample.swift in Sources */,
				DB43994B2B86B257009B8004 /* GenProfileImageExample.swift in Sources */,
				DB4399492B86B175009B8004 /* GenAligmentViewExample.swift in Sources */,
				DB1932B22B85B0D8005E74E8 /* All_Pets_CommonsApp.swift in Sources */,
				DB43995B2B86CA67009B8004 /* GenButtonSecundaryExample.swift in Sources */,
				DB4399532B86C196009B8004 /* GenTextStylePrincipalExample.swift in Sources */,
			);
			runOnlyForDeploymentPostprocessing = 0;
		};
/* End PBXSourcesBuildPhase section */

/* Begin XCBuildConfiguration section */
		DB1932BA2B85B0D9005E74E8 /* Debug */ = {
			isa = XCBuildConfiguration;
			buildSettings = {
				ALWAYS_SEARCH_USER_PATHS = NO;
				ASSETCATALOG_COMPILER_GENERATE_SWIFT_ASSET_SYMBOL_EXTENSIONS = YES;
				CLANG_ANALYZER_NONNULL = YES;
				CLANG_ANALYZER_NUMBER_OBJECT_CONVERSION = YES_AGGRESSIVE;
				CLANG_CXX_LANGUAGE_STANDARD = "gnu++20";
				CLANG_ENABLE_MODULES = YES;
				CLANG_ENABLE_OBJC_ARC = YES;
				CLANG_ENABLE_OBJC_WEAK = YES;
				CLANG_WARN_BLOCK_CAPTURE_AUTORELEASING = YES;
				CLANG_WARN_BOOL_CONVERSION = YES;
				CLANG_WARN_COMMA = YES;
				CLANG_WARN_CONSTANT_CONVERSION = YES;
				CLANG_WARN_DEPRECATED_OBJC_IMPLEMENTATIONS = YES;
				CLANG_WARN_DIRECT_OBJC_ISA_USAGE = YES_ERROR;
				CLANG_WARN_DOCUMENTATION_COMMENTS = YES;
				CLANG_WARN_EMPTY_BODY = YES;
				CLANG_WARN_ENUM_CONVERSION = YES;
				CLANG_WARN_INFINITE_RECURSION = YES;
				CLANG_WARN_INT_CONVERSION = YES;
				CLANG_WARN_NON_LITERAL_NULL_CONVERSION = YES;
				CLANG_WARN_OBJC_IMPLICIT_RETAIN_SELF = YES;
				CLANG_WARN_OBJC_LITERAL_CONVERSION = YES;
				CLANG_WARN_OBJC_ROOT_CLASS = YES_ERROR;
				CLANG_WARN_QUOTED_INCLUDE_IN_FRAMEWORK_HEADER = YES;
				CLANG_WARN_RANGE_LOOP_ANALYSIS = YES;
				CLANG_WARN_STRICT_PROTOTYPES = YES;
				CLANG_WARN_SUSPICIOUS_MOVE = YES;
				CLANG_WARN_UNGUARDED_AVAILABILITY = YES_AGGRESSIVE;
				CLANG_WARN_UNREACHABLE_CODE = YES;
				CLANG_WARN__DUPLICATE_METHOD_MATCH = YES;
				COPY_PHASE_STRIP = NO;
				DEBUG_INFORMATION_FORMAT = dwarf;
				ENABLE_STRICT_OBJC_MSGSEND = YES;
				ENABLE_TESTABILITY = YES;
				ENABLE_USER_SCRIPT_SANDBOXING = YES;
				GCC_C_LANGUAGE_STANDARD = gnu17;
				GCC_DYNAMIC_NO_PIC = NO;
				GCC_NO_COMMON_BLOCKS = YES;
				GCC_OPTIMIZATION_LEVEL = 0;
				GCC_PREPROCESSOR_DEFINITIONS = (
					"DEBUG=1",
					"$(inherited)",
				);
				GCC_WARN_64_TO_32_BIT_CONVERSION = YES;
				GCC_WARN_ABOUT_RETURN_TYPE = YES_ERROR;
				GCC_WARN_UNDECLARED_SELECTOR = YES;
				GCC_WARN_UNINITIALIZED_AUTOS = YES_AGGRESSIVE;
				GCC_WARN_UNUSED_FUNCTION = YES;
				GCC_WARN_UNUSED_VARIABLE = YES;
				IPHONEOS_DEPLOYMENT_TARGET = 17.2;
				LOCALIZATION_PREFERS_STRING_CATALOGS = YES;
				MTL_ENABLE_DEBUG_INFO = INCLUDE_SOURCE;
				MTL_FAST_MATH = YES;
				ONLY_ACTIVE_ARCH = YES;
				SDKROOT = iphoneos;
				SWIFT_ACTIVE_COMPILATION_CONDITIONS = "DEBUG $(inherited)";
				SWIFT_OPTIMIZATION_LEVEL = "-Onone";
			};
			name = Debug;
		};
		DB1932BB2B85B0D9005E74E8 /* Release */ = {
			isa = XCBuildConfiguration;
			buildSettings = {
				ALWAYS_SEARCH_USER_PATHS = NO;
				ASSETCATALOG_COMPILER_GENERATE_SWIFT_ASSET_SYMBOL_EXTENSIONS = YES;
				CLANG_ANALYZER_NONNULL = YES;
				CLANG_ANALYZER_NUMBER_OBJECT_CONVERSION = YES_AGGRESSIVE;
				CLANG_CXX_LANGUAGE_STANDARD = "gnu++20";
				CLANG_ENABLE_MODULES = YES;
				CLANG_ENABLE_OBJC_ARC = YES;
				CLANG_ENABLE_OBJC_WEAK = YES;
				CLANG_WARN_BLOCK_CAPTURE_AUTORELEASING = YES;
				CLANG_WARN_BOOL_CONVERSION = YES;
				CLANG_WARN_COMMA = YES;
				CLANG_WARN_CONSTANT_CONVERSION = YES;
				CLANG_WARN_DEPRECATED_OBJC_IMPLEMENTATIONS = YES;
				CLANG_WARN_DIRECT_OBJC_ISA_USAGE = YES_ERROR;
				CLANG_WARN_DOCUMENTATION_COMMENTS = YES;
				CLANG_WARN_EMPTY_BODY = YES;
				CLANG_WARN_ENUM_CONVERSION = YES;
				CLANG_WARN_INFINITE_RECURSION = YES;
				CLANG_WARN_INT_CONVERSION = YES;
				CLANG_WARN_NON_LITERAL_NULL_CONVERSION = YES;
				CLANG_WARN_OBJC_IMPLICIT_RETAIN_SELF = YES;
				CLANG_WARN_OBJC_LITERAL_CONVERSION = YES;
				CLANG_WARN_OBJC_ROOT_CLASS = YES_ERROR;
				CLANG_WARN_QUOTED_INCLUDE_IN_FRAMEWORK_HEADER = YES;
				CLANG_WARN_RANGE_LOOP_ANALYSIS = YES;
				CLANG_WARN_STRICT_PROTOTYPES = YES;
				CLANG_WARN_SUSPICIOUS_MOVE = YES;
				CLANG_WARN_UNGUARDED_AVAILABILITY = YES_AGGRESSIVE;
				CLANG_WARN_UNREACHABLE_CODE = YES;
				CLANG_WARN__DUPLICATE_METHOD_MATCH = YES;
				COPY_PHASE_STRIP = NO;
				DEBUG_INFORMATION_FORMAT = "dwarf-with-dsym";
				ENABLE_NS_ASSERTIONS = NO;
				ENABLE_STRICT_OBJC_MSGSEND = YES;
				ENABLE_USER_SCRIPT_SANDBOXING = YES;
				GCC_C_LANGUAGE_STANDARD = gnu17;
				GCC_NO_COMMON_BLOCKS = YES;
				GCC_WARN_64_TO_32_BIT_CONVERSION = YES;
				GCC_WARN_ABOUT_RETURN_TYPE = YES_ERROR;
				GCC_WARN_UNDECLARED_SELECTOR = YES;
				GCC_WARN_UNINITIALIZED_AUTOS = YES_AGGRESSIVE;
				GCC_WARN_UNUSED_FUNCTION = YES;
				GCC_WARN_UNUSED_VARIABLE = YES;
				IPHONEOS_DEPLOYMENT_TARGET = 17.2;
				LOCALIZATION_PREFERS_STRING_CATALOGS = YES;
				MTL_ENABLE_DEBUG_INFO = NO;
				MTL_FAST_MATH = YES;
				SDKROOT = iphoneos;
				SWIFT_COMPILATION_MODE = wholemodule;
				VALIDATE_PRODUCT = YES;
			};
			name = Release;
		};
		DB1932BD2B85B0D9005E74E8 /* Debug */ = {
			isa = XCBuildConfiguration;
			buildSettings = {
				ASSETCATALOG_COMPILER_APPICON_NAME = AppIcon;
				ASSETCATALOG_COMPILER_GLOBAL_ACCENT_COLOR_NAME = AccentColor;
				CODE_SIGN_STYLE = Automatic;
				CURRENT_PROJECT_VERSION = 1;
				DEVELOPMENT_ASSET_PATHS = "\"All_Pets_Commons/Preview Content\"";
				ENABLE_PREVIEWS = YES;
				GENERATE_INFOPLIST_FILE = YES;
				INFOPLIST_KEY_UIApplicationSceneManifest_Generation = YES;
				INFOPLIST_KEY_UIApplicationSupportsIndirectInputEvents = YES;
				INFOPLIST_KEY_UILaunchScreen_Generation = YES;
				INFOPLIST_KEY_UISupportedInterfaceOrientations_iPad = "UIInterfaceOrientationPortrait UIInterfaceOrientationPortraitUpsideDown UIInterfaceOrientationLandscapeLeft UIInterfaceOrientationLandscapeRight";
				INFOPLIST_KEY_UISupportedInterfaceOrientations_iPhone = "UIInterfaceOrientationPortrait UIInterfaceOrientationLandscapeLeft UIInterfaceOrientationLandscapeRight";
				LD_RUNPATH_SEARCH_PATHS = (
					"$(inherited)",
					"@executable_path/Frameworks",
				);
				MARKETING_VERSION = 1.0;
				PRODUCT_BUNDLE_IDENTIFIER = "gerardo.All-Pets-Commons";
				PRODUCT_NAME = "$(TARGET_NAME)";
				SWIFT_EMIT_LOC_STRINGS = YES;
				SWIFT_VERSION = 5.0;
				TARGETED_DEVICE_FAMILY = "1,2";
			};
			name = Debug;
		};
		DB1932BE2B85B0D9005E74E8 /* Release */ = {
			isa = XCBuildConfiguration;
			buildSettings = {
				ASSETCATALOG_COMPILER_APPICON_NAME = AppIcon;
				ASSETCATALOG_COMPILER_GLOBAL_ACCENT_COLOR_NAME = AccentColor;
				CODE_SIGN_STYLE = Automatic;
				CURRENT_PROJECT_VERSION = 1;
				DEVELOPMENT_ASSET_PATHS = "\"All_Pets_Commons/Preview Content\"";
				ENABLE_PREVIEWS = YES;
				GENERATE_INFOPLIST_FILE = YES;
				INFOPLIST_KEY_UIApplicationSceneManifest_Generation = YES;
				INFOPLIST_KEY_UIApplicationSupportsIndirectInputEvents = YES;
				INFOPLIST_KEY_UILaunchScreen_Generation = YES;
				INFOPLIST_KEY_UISupportedInterfaceOrientations_iPad = "UIInterfaceOrientationPortrait UIInterfaceOrientationPortraitUpsideDown UIInterfaceOrientationLandscapeLeft UIInterfaceOrientationLandscapeRight";
				INFOPLIST_KEY_UISupportedInterfaceOrientations_iPhone = "UIInterfaceOrientationPortrait UIInterfaceOrientationLandscapeLeft UIInterfaceOrientationLandscapeRight";
				LD_RUNPATH_SEARCH_PATHS = (
					"$(inherited)",
					"@executable_path/Frameworks",
				);
				MARKETING_VERSION = 1.0;
				PRODUCT_BUNDLE_IDENTIFIER = "gerardo.All-Pets-Commons";
				PRODUCT_NAME = "$(TARGET_NAME)";
				SWIFT_EMIT_LOC_STRINGS = YES;
				SWIFT_VERSION = 5.0;
				TARGETED_DEVICE_FAMILY = "1,2";
			};
			name = Release;
		};
/* End XCBuildConfiguration section */

/* Begin XCConfigurationList section */
		DB1932A92B85B0D8005E74E8 /* Build configuration list for PBXProject "All_Pets_Commons" */ = {
			isa = XCConfigurationList;
			buildConfigurations = (
				DB1932BA2B85B0D9005E74E8 /* Debug */,
				DB1932BB2B85B0D9005E74E8 /* Release */,
			);
			defaultConfigurationIsVisible = 0;
			defaultConfigurationName = Release;
		};
		DB1932BC2B85B0D9005E74E8 /* Build configuration list for PBXNativeTarget "All_Pets_Commons" */ = {
			isa = XCConfigurationList;
			buildConfigurations = (
				DB1932BD2B85B0D9005E74E8 /* Debug */,
				DB1932BE2B85B0D9005E74E8 /* Release */,
			);
			defaultConfigurationIsVisible = 0;
			defaultConfigurationName = Release;
		};
/* End XCConfigurationList section */

/* Begin XCSwiftPackageProductDependency section */
		DBC3F7572B8661FC00A4AE10 /* AllPetsCommons */ = {
			isa = XCSwiftPackageProductDependency;
			productName = AllPetsCommons;
		};
/* End XCSwiftPackageProductDependency section */
	};
	rootObject = DB1932A62B85B0D8005E74E8 /* Project object */;
}
